
Microsoft Visual Studio Solution File, Format Version 12.00
# Visual Studio Version 16
VisualStudioVersion = 16.0.32413.511
MinimumVisualStudioVersion = 10.0.40219.1
Project("{FAE04EC0-301F-11D3-BF4B-00C04F79EFBC}") = "web1", "web1\web1.csproj", "{947E133D-5690-4A60-AE2D-067A9599C839}"
EndProject
Global
	GlobalSection(SolutionConfigurationPlatforms) = preSolution
		Debug|Any CPU = Debug|Any CPU
		Release|Any CPU = Release|Any CPU
	EndGlobalSection
	GlobalSection(ProjectConfigurationPlatforms) = postSolution
		{947E133D-5690-4A60-AE2D-067A9599C839}.Debug|Any CPU.ActiveCfg = Debug|Any CPU
		{947E133D-5690-4A60-AE2D-067A9599C839}.Debug|Any CPU.Build.0 = Debug|Any CPU
		{947E133D-5690-4A60-AE2D-067A9599C839}.Release|Any CPU.ActiveCfg = Release|Any CPU
		{947E133D-5690-4A60-AE2D-067A9599C839}.Release|Any CPU.Build.0 = Release|Any CPU
	EndGlobalSection
	GlobalSection(SolutionProperties) = preSolution
		HideSolutionNode = FALSE
	EndGlobalSection
	GlobalSection(ExtensibilityGlobals) = postSolution
		SolutionGuid = {01D7B299-5ADE-4D26-AAB0-9B414C78CBA8}
	EndGlobalSection
EndGlobal
